
Microsoft Visual Studio Solution File, Format Version 12.00
# Visual Studio Version 16
VisualStudioVersion = 25.0.1704.0
MinimumVisualStudioVersion = 10.0.40219.1
Project("{FAE04EC0-301F-11D3-BF4B-00C04F79EFBC}") = "dotnet6-console", "dotnet6-console.csproj", "{34DD83F7-0BD5-46C6-8D01-0C34CC3EF97B}"
EndProject
Global
	GlobalSection(SolutionConfigurationPlatforms) = preSolution
		Debug|Any CPU = Debug|Any CPU
		Release|Any CPU = Release|Any CPU
	EndGlobalSection
	GlobalSection(ProjectConfigurationPlatforms) = postSolution
		{34DD83F7-0BD5-46C6-8D01-0C34CC3EF97B}.Debug|Any CPU.ActiveCfg = Debug|Any CPU
		{34DD83F7-0BD5-46C6-8D01-0C34CC3EF97B}.Debug|Any CPU.Build.0 = Debug|Any CPU
		{34DD83F7-0BD5-46C6-8D01-0C34CC3EF97B}.Release|Any CPU.ActiveCfg = Release|Any CPU
		{34DD83F7-0BD5-46C6-8D01-0C34CC3EF97B}.Release|Any CPU.Build.0 = Release|Any CPU
	EndGlobalSection
	GlobalSection(SolutionProperties) = preSolution
		HideSolutionNode = FALSE
	EndGlobalSection
	GlobalSection(ExtensibilityGlobals) = postSolution
		SolutionGuid = {4C745FAA-D77F-450B-8159-9A24AE770C75}
	EndGlobalSection
EndGlobal
